
Microsoft Visual Studio Solution File, Format Version 12.00
# Visual Studio Version 17
VisualStudioVersion = 17.5.33516.290
MinimumVisualStudioVersion = 10.0.40219.1
Project("{9A19103F-16F7-4668-BE54-9A1E7A4F7556}") = "CriticalSectionPrediction.Orchestrator", "CriticalSectionPrediction.Orchestrator.csproj", "{7A706E2A-C7A1-45CD-B366-2AFABCCD272C}"
EndProject
Project("{9A19103F-16F7-4668-BE54-9A1E7A4F7556}") = "CriticalSectionPrediction.Simulation", "..\CriticalSectionPrediction.Simulation\CriticalSectionPrediction.Simulation.csproj", "{D4B6B765-C39F-49EE-825A-282ACC143B87}"
EndProject
Project("{9A19103F-16F7-4668-BE54-9A1E7A4F7556}") = "CriticalSectionPrediction.Prediction", "..\CriticalSectionPrediction.Prediction\CriticalSectionPrediction.Prediction.csproj", "{8499F228-349B-450F-AFCD-A4424D24F988}"
EndProject
Project("{9A19103F-16F7-4668-BE54-9A1E7A4F7556}") = "CriticalSectionPrediction.Helper", "..\CriticalSectionPrediction.Helper\CriticalSectionPrediction.Helper.csproj", "{5F3042A0-1E79-4039-AACC-545B2FE972C3}"
EndProject
Project("{FAE04EC0-301F-11D3-BF4B-00C04F79EFBC}") = "CriticalSectionPrediction.Api", "..\CriticalSectionPrediction.Api\CriticalSectionPrediction.Api.csproj", "{911BA7CD-ED65-4553-828B-2649D982D03C}"
EndProject
Global
	GlobalSection(SolutionConfigurationPlatforms) = preSolution
		Debug|Any CPU = Debug|Any CPU
		Release|Any CPU = Release|Any CPU
	EndGlobalSection
	GlobalSection(ProjectConfigurationPlatforms) = postSolution
		{7A706E2A-C7A1-45CD-B366-2AFABCCD272C}.Debug|Any CPU.ActiveCfg = Debug|Any CPU
		{7A706E2A-C7A1-45CD-B366-2AFABCCD272C}.Debug|Any CPU.Build.0 = Debug|Any CPU
		{7A706E2A-C7A1-45CD-B366-2AFABCCD272C}.Release|Any CPU.ActiveCfg = Release|Any CPU
		{7A706E2A-C7A1-45CD-B366-2AFABCCD272C}.Release|Any CPU.Build.0 = Release|Any CPU
		{D4B6B765-C39F-49EE-825A-282ACC143B87}.Debug|Any CPU.ActiveCfg = Debug|Any CPU
		{D4B6B765-C39F-49EE-825A-282ACC143B87}.Debug|Any CPU.Build.0 = Debug|Any CPU
		{D4B6B765-C39F-49EE-825A-282ACC143B87}.Release|Any CPU.ActiveCfg = Release|Any CPU
		{D4B6B765-C39F-49EE-825A-282ACC143B87}.Release|Any CPU.Build.0 = Release|Any CPU
		{8499F228-349B-450F-AFCD-A4424D24F988}.Debug|Any CPU.ActiveCfg = Debug|Any CPU
		{8499F228-349B-450F-AFCD-A4424D24F988}.Debug|Any CPU.Build.0 = Debug|Any CPU
		{8499F228-349B-450F-AFCD-A4424D24F988}.Release|Any CPU.ActiveCfg = Release|Any CPU
		{8499F228-349B-450F-AFCD-A4424D24F988}.Release|Any CPU.Build.0 = Release|Any CPU
		{5F3042A0-1E79-4039-AACC-545B2FE972C3}.Debug|Any CPU.ActiveCfg = Debug|Any CPU
		{5F3042A0-1E79-4039-AACC-545B2FE972C3}.Debug|Any CPU.Build.0 = Debug|Any CPU
		{5F3042A0-1E79-4039-AACC-545B2FE972C3}.Release|Any CPU.ActiveCfg = Release|Any CPU
		{5F3042A0-1E79-4039-AACC-545B2FE972C3}.Release|Any CPU.Build.0 = Release|Any CPU
		{911BA7CD-ED65-4553-828B-2649D982D03C}.Debug|Any CPU.ActiveCfg = Debug|Any CPU
		{911BA7CD-ED65-4553-828B-2649D982D03C}.Debug|Any CPU.Build.0 = Debug|Any CPU
		{911BA7CD-ED65-4553-828B-2649D982D03C}.Release|Any CPU.ActiveCfg = Release|Any CPU
		{911BA7CD-ED65-4553-828B-2649D982D03C}.Release|Any CPU.Build.0 = Release|Any CPU
	EndGlobalSection
	GlobalSection(SolutionProperties) = preSolution
		HideSolutionNode = FALSE
	EndGlobalSection
	GlobalSection(ExtensibilityGlobals) = postSolution
		SolutionGuid = {E8C59227-A853-4BF9-9790-A4517790EB6D}
	EndGlobalSection
EndGlobal
